// !$*UTF8*$!
{
	archiveVersion = 1;
	classes = {
	};
	objectVersion = 55;
	objects = {

/* Begin PBXBuildFile section */
		934CBA952910711F00F88FA2 /* FollowerCollectionViewCell.swift in Sources */ = {isa = PBXBuildFile; fileRef = 934CBA942910711F00F88FA2 /* FollowerCollectionViewCell.swift */; };
		934CBA972910720800F88FA2 /* GHFAvatarImageView.swift in Sources */ = {isa = PBXBuildFile; fileRef = 934CBA962910720800F88FA2 /* GHFAvatarImageView.swift */; };
		934CBA9929148ED200F88FA2 /* UIHelper.swift in Sources */ = {isa = PBXBuildFile; fileRef = 934CBA9829148ED200F88FA2 /* UIHelper.swift */; };
		934CBAA029172C5500F88FA2 /* GHFEmptyStateView.swift in Sources */ = {isa = PBXBuildFile; fileRef = 934CBA9F29172C5500F88FA2 /* GHFEmptyStateView.swift */; };
		934CBAA2291829DB00F88FA2 /* UserInfoViewController.swift in Sources */ = {isa = PBXBuildFile; fileRef = 934CBAA1291829DB00F88FA2 /* UserInfoViewController.swift */; };
		934CBAA429186BE200F88FA2 /* GHFError.swift in Sources */ = {isa = PBXBuildFile; fileRef = 934CBAA329186BE200F88FA2 /* GHFError.swift */; };
		934CBAA62919DEDB00F88FA2 /* GHFUserInfoHeaderViewController.swift in Sources */ = {isa = PBXBuildFile; fileRef = 934CBAA52919DEDB00F88FA2 /* GHFUserInfoHeaderViewController.swift */; };
		934CBAA82919E0D200F88FA2 /* GHFSecondaryTitleLabel.swift in Sources */ = {isa = PBXBuildFile; fileRef = 934CBAA72919E0D200F88FA2 /* GHFSecondaryTitleLabel.swift */; };
		934CBAAA291A16F600F88FA2 /* Constants.swift in Sources */ = {isa = PBXBuildFile; fileRef = 934CBAA9291A16F600F88FA2 /* Constants.swift */; };
		934CBAAD291AF2A700F88FA2 /* GHFItemInfoView.swift in Sources */ = {isa = PBXBuildFile; fileRef = 934CBAAC291AF2A700F88FA2 /* GHFItemInfoView.swift */; };
		934CBAB1291B0BFF00F88FA2 /* GHFItemInfoViewController.swift in Sources */ = {isa = PBXBuildFile; fileRef = 934CBAB0291B0BFF00F88FA2 /* GHFItemInfoViewController.swift */; };
		934CBAB3291B467200F88FA2 /* GHFRepoItemViewController.swift in Sources */ = {isa = PBXBuildFile; fileRef = 934CBAB2291B467200F88FA2 /* GHFRepoItemViewController.swift */; };
		934CBAB5291C5EA800F88FA2 /* GHFFollowerItemViewController.swift in Sources */ = {isa = PBXBuildFile; fileRef = 934CBAB4291C5EA800F88FA2 /* GHFFollowerItemViewController.swift */; };
		934CBAB8291C687600F88FA2 /* Date+Ext.swift in Sources */ = {isa = PBXBuildFile; fileRef = 934CBAB7291C687600F88FA2 /* Date+Ext.swift */; };
		934CBABA291C68D300F88FA2 /* String+Ext.swift in Sources */ = {isa = PBXBuildFile; fileRef = 934CBAB9291C68D200F88FA2 /* String+Ext.swift */; };
		93641001290B1D7F00CE08C4 /* Follower.swift in Sources */ = {isa = PBXBuildFile; fileRef = 93641000290B1D7F00CE08C4 /* Follower.swift */; };
		93641003290B1F3100CE08C4 /* User.swift in Sources */ = {isa = PBXBuildFile; fileRef = 93641002290B1F3100CE08C4 /* User.swift */; };
		93641006290B3ADE00CE08C4 /* NetworkManager.swift in Sources */ = {isa = PBXBuildFile; fileRef = 93641005290B3ADE00CE08C4 /* NetworkManager.swift */; };
		93F877682906FCC300F04251 /* AppDelegate.swift in Sources */ = {isa = PBXBuildFile; fileRef = 93F877672906FCC300F04251 /* AppDelegate.swift */; };
		93F8776A2906FCC300F04251 /* SceneDelegate.swift in Sources */ = {isa = PBXBuildFile; fileRef = 93F877692906FCC300F04251 /* SceneDelegate.swift */; };
		93F877712906FCC400F04251 /* Assets.xcassets in Resources */ = {isa = PBXBuildFile; fileRef = 93F877702906FCC400F04251 /* Assets.xcassets */; };
		93F877742906FCC400F04251 /* LaunchScreen.storyboard in Resources */ = {isa = PBXBuildFile; fileRef = 93F877722906FCC400F04251 /* LaunchScreen.storyboard */; };
		93F8777F2906FCC400F04251 /* GitHubFollowersTests.swift in Sources */ = {isa = PBXBuildFile; fileRef = 93F8777E2906FCC400F04251 /* GitHubFollowersTests.swift */; };
		93F877892906FCC400F04251 /* GitHubFollowersUITests.swift in Sources */ = {isa = PBXBuildFile; fileRef = 93F877882906FCC400F04251 /* GitHubFollowersUITests.swift */; };
		93F8778B2906FCC400F04251 /* GitHubFollowersUITestsLaunchTests.swift in Sources */ = {isa = PBXBuildFile; fileRef = 93F8778A2906FCC400F04251 /* GitHubFollowersUITestsLaunchTests.swift */; };
		93F8779829070F5D00F04251 /* SearchViewController.swift in Sources */ = {isa = PBXBuildFile; fileRef = 93F8779729070F5D00F04251 /* SearchViewController.swift */; };
		93F8779A29070FF300F04251 /* FavoritesListViewController.swift in Sources */ = {isa = PBXBuildFile; fileRef = 93F8779929070FF300F04251 /* FavoritesListViewController.swift */; };
		93F8779C2907526F00F04251 /* GHFButton.swift in Sources */ = {isa = PBXBuildFile; fileRef = 93F8779B2907526F00F04251 /* GHFButton.swift */; };
		93F8779E2907563F00F04251 /* GHFTextField.swift in Sources */ = {isa = PBXBuildFile; fileRef = 93F8779D2907563F00F04251 /* GHFTextField.swift */; };
		93F877A0290990E300F04251 /* FollowerListViewController.swift in Sources */ = {isa = PBXBuildFile; fileRef = 93F8779F290990E300F04251 /* FollowerListViewController.swift */; };
		93F877A229099CB400F04251 /* GHFTitleLabel.swift in Sources */ = {isa = PBXBuildFile; fileRef = 93F877A129099CB400F04251 /* GHFTitleLabel.swift */; };
		93F877A429099E9A00F04251 /* GHFBodyLabel.swift in Sources */ = {isa = PBXBuildFile; fileRef = 93F877A329099E9A00F04251 /* GHFBodyLabel.swift */; };
		93F877A629099F7400F04251 /* GHFAlertViewController.swift in Sources */ = {isa = PBXBuildFile; fileRef = 93F877A529099F7400F04251 /* GHFAlertViewController.swift */; };
		93F877A82909AAB200F04251 /* UIViewController+Ext.swift in Sources */ = {isa = PBXBuildFile; fileRef = 93F877A72909AAB200F04251 /* UIViewController+Ext.swift */; };
/* End PBXBuildFile section */

/* Begin PBXContainerItemProxy section */
		93F8777B2906FCC400F04251 /* PBXContainerItemProxy */ = {
			isa = PBXContainerItemProxy;
			containerPortal = 93F8775C2906FCC300F04251 /* Project object */;
			proxyType = 1;
			remoteGlobalIDString = 93F877632906FCC300F04251;
			remoteInfo = GitHubFollowers;
		};
		93F877852906FCC400F04251 /* PBXContainerItemProxy */ = {
			isa = PBXContainerItemProxy;
			containerPortal = 93F8775C2906FCC300F04251 /* Project object */;
			proxyType = 1;
			remoteGlobalIDString = 93F877632906FCC300F04251;
			remoteInfo = GitHubFollowers;
		};
/* End PBXContainerItemProxy section */

/* Begin PBXFileReference section */
		934CBA942910711F00F88FA2 /* FollowerCollectionViewCell.swift */ = {isa = PBXFileReference; lastKnownFileType = sourcecode.swift; path = FollowerCollectionViewCell.swift; sourceTree = "<group>"; };
		934CBA962910720800F88FA2 /* GHFAvatarImageView.swift */ = {isa = PBXFileReference; lastKnownFileType = sourcecode.swift; path = GHFAvatarImageView.swift; sourceTree = "<group>"; };
		934CBA9829148ED200F88FA2 /* UIHelper.swift */ = {isa = PBXFileReference; lastKnownFileType = sourcecode.swift; path = UIHelper.swift; sourceTree = "<group>"; };
		934CBA9F29172C5500F88FA2 /* GHFEmptyStateView.swift */ = {isa = PBXFileReference; lastKnownFileType = sourcecode.swift; path = GHFEmptyStateView.swift; sourceTree = "<group>"; };
		934CBAA1291829DB00F88FA2 /* UserInfoViewController.swift */ = {isa = PBXFileReference; lastKnownFileType = sourcecode.swift; path = UserInfoViewController.swift; sourceTree = "<group>"; };
		934CBAA329186BE200F88FA2 /* GHFError.swift */ = {isa = PBXFileReference; lastKnownFileType = sourcecode.swift; path = GHFError.swift; sourceTree = "<group>"; };
		934CBAA52919DEDB00F88FA2 /* GHFUserInfoHeaderViewController.swift */ = {isa = PBXFileReference; lastKnownFileType = sourcecode.swift; path = GHFUserInfoHeaderViewController.swift; sourceTree = "<group>"; };
		934CBAA72919E0D200F88FA2 /* GHFSecondaryTitleLabel.swift */ = {isa = PBXFileReference; lastKnownFileType = sourcecode.swift; path = GHFSecondaryTitleLabel.swift; sourceTree = "<group>"; };
		934CBAA9291A16F600F88FA2 /* Constants.swift */ = {isa = PBXFileReference; lastKnownFileType = sourcecode.swift; path = Constants.swift; sourceTree = "<group>"; };
		934CBAAC291AF2A700F88FA2 /* GHFItemInfoView.swift */ = {isa = PBXFileReference; lastKnownFileType = sourcecode.swift; path = GHFItemInfoView.swift; sourceTree = "<group>"; };
		934CBAB0291B0BFF00F88FA2 /* GHFItemInfoViewController.swift */ = {isa = PBXFileReference; lastKnownFileType = sourcecode.swift; path = GHFItemInfoViewController.swift; sourceTree = "<group>"; };
		934CBAB2291B467200F88FA2 /* GHFRepoItemViewController.swift */ = {isa = PBXFileReference; lastKnownFileType = sourcecode.swift; path = GHFRepoItemViewController.swift; sourceTree = "<group>"; };
		934CBAB4291C5EA800F88FA2 /* GHFFollowerItemViewController.swift */ = {isa = PBXFileReference; lastKnownFileType = sourcecode.swift; path = GHFFollowerItemViewController.swift; sourceTree = "<group>"; };
		934CBAB7291C687600F88FA2 /* Date+Ext.swift */ = {isa = PBXFileReference; lastKnownFileType = sourcecode.swift; path = "Date+Ext.swift"; sourceTree = "<group>"; };
		934CBAB9291C68D200F88FA2 /* String+Ext.swift */ = {isa = PBXFileReference; lastKnownFileType = sourcecode.swift; path = "String+Ext.swift"; sourceTree = "<group>"; };
		93641000290B1D7F00CE08C4 /* Follower.swift */ = {isa = PBXFileReference; lastKnownFileType = sourcecode.swift; path = Follower.swift; sourceTree = "<group>"; };
		93641002290B1F3100CE08C4 /* User.swift */ = {isa = PBXFileReference; lastKnownFileType = sourcecode.swift; path = User.swift; sourceTree = "<group>"; };
		93641005290B3ADE00CE08C4 /* NetworkManager.swift */ = {isa = PBXFileReference; lastKnownFileType = sourcecode.swift; path = NetworkManager.swift; sourceTree = "<group>"; };
		93F877642906FCC300F04251 /* GitHubFollowers.app */ = {isa = PBXFileReference; explicitFileType = wrapper.application; includeInIndex = 0; path = GitHubFollowers.app; sourceTree = BUILT_PRODUCTS_DIR; };
		93F877672906FCC300F04251 /* AppDelegate.swift */ = {isa = PBXFileReference; lastKnownFileType = sourcecode.swift; path = AppDelegate.swift; sourceTree = "<group>"; };
		93F877692906FCC300F04251 /* SceneDelegate.swift */ = {isa = PBXFileReference; lastKnownFileType = sourcecode.swift; path = SceneDelegate.swift; sourceTree = "<group>"; };
		93F877702906FCC400F04251 /* Assets.xcassets */ = {isa = PBXFileReference; lastKnownFileType = folder.assetcatalog; path = Assets.xcassets; sourceTree = "<group>"; };
		93F877732906FCC400F04251 /* Base */ = {isa = PBXFileReference; lastKnownFileType = file.storyboard; name = Base; path = Base.lproj/LaunchScreen.storyboard; sourceTree = "<group>"; };
		93F877752906FCC400F04251 /* Info.plist */ = {isa = PBXFileReference; lastKnownFileType = text.plist.xml; path = Info.plist; sourceTree = "<group>"; };
		93F8777A2906FCC400F04251 /* GitHubFollowersTests.xctest */ = {isa = PBXFileReference; explicitFileType = wrapper.cfbundle; includeInIndex = 0; path = GitHubFollowersTests.xctest; sourceTree = BUILT_PRODUCTS_DIR; };
		93F8777E2906FCC400F04251 /* GitHubFollowersTests.swift */ = {isa = PBXFileReference; lastKnownFileType = sourcecode.swift; path = GitHubFollowersTests.swift; sourceTree = "<group>"; };
		93F877842906FCC400F04251 /* GitHubFollowersUITests.xctest */ = {isa = PBXFileReference; explicitFileType = wrapper.cfbundle; includeInIndex = 0; path = GitHubFollowersUITests.xctest; sourceTree = BUILT_PRODUCTS_DIR; };
		93F877882906FCC400F04251 /* GitHubFollowersUITests.swift */ = {isa = PBXFileReference; lastKnownFileType = sourcecode.swift; path = GitHubFollowersUITests.swift; sourceTree = "<group>"; };
		93F8778A2906FCC400F04251 /* GitHubFollowersUITestsLaunchTests.swift */ = {isa = PBXFileReference; lastKnownFileType = sourcecode.swift; path = GitHubFollowersUITestsLaunchTests.swift; sourceTree = "<group>"; };
		93F8779729070F5D00F04251 /* SearchViewController.swift */ = {isa = PBXFileReference; lastKnownFileType = sourcecode.swift; path = SearchViewController.swift; sourceTree = "<group>"; };
		93F8779929070FF300F04251 /* FavoritesListViewController.swift */ = {isa = PBXFileReference; lastKnownFileType = sourcecode.swift; path = FavoritesListViewController.swift; sourceTree = "<group>"; };
		93F8779B2907526F00F04251 /* GHFButton.swift */ = {isa = PBXFileReference; lastKnownFileType = sourcecode.swift; path = GHFButton.swift; sourceTree = "<group>"; };
		93F8779D2907563F00F04251 /* GHFTextField.swift */ = {isa = PBXFileReference; lastKnownFileType = sourcecode.swift; path = GHFTextField.swift; sourceTree = "<group>"; };
		93F8779F290990E300F04251 /* FollowerListViewController.swift */ = {isa = PBXFileReference; lastKnownFileType = sourcecode.swift; path = FollowerListViewController.swift; sourceTree = "<group>"; };
		93F877A129099CB400F04251 /* GHFTitleLabel.swift */ = {isa = PBXFileReference; lastKnownFileType = sourcecode.swift; path = GHFTitleLabel.swift; sourceTree = "<group>"; };
		93F877A329099E9A00F04251 /* GHFBodyLabel.swift */ = {isa = PBXFileReference; lastKnownFileType = sourcecode.swift; path = GHFBodyLabel.swift; sourceTree = "<group>"; };
		93F877A529099F7400F04251 /* GHFAlertViewController.swift */ = {isa = PBXFileReference; lastKnownFileType = sourcecode.swift; path = GHFAlertViewController.swift; sourceTree = "<group>"; };
		93F877A72909AAB200F04251 /* UIViewController+Ext.swift */ = {isa = PBXFileReference; lastKnownFileType = sourcecode.swift; path = "UIViewController+Ext.swift"; sourceTree = "<group>"; };
/* End PBXFileReference section */

/* Begin PBXFrameworksBuildPhase section */
		93F877612906FCC300F04251 /* Frameworks */ = {
			isa = PBXFrameworksBuildPhase;
			buildActionMask = 2147483647;
			files = (
			);
			runOnlyForDeploymentPostprocessing = 0;
		};
		93F877772906FCC400F04251 /* Frameworks */ = {
			isa = PBXFrameworksBuildPhase;
			buildActionMask = 2147483647;
			files = (
			);
			runOnlyForDeploymentPostprocessing = 0;
		};
		93F877812906FCC400F04251 /* Frameworks */ = {
			isa = PBXFrameworksBuildPhase;
			buildActionMask = 2147483647;
			files = (
			);
			runOnlyForDeploymentPostprocessing = 0;
		};
/* End PBXFrameworksBuildPhase section */

/* Begin PBXGroup section */
		934CBA902910521500F88FA2 /* Utilities */ = {
			isa = PBXGroup;
			children = (
				934CBA9829148ED200F88FA2 /* UIHelper.swift */,
				934CBAA329186BE200F88FA2 /* GHFError.swift */,
				934CBAA9291A16F600F88FA2 /* Constants.swift */,
			);
			path = Utilities;
			sourceTree = "<group>";
		};
		934CBA93291070FC00F88FA2 /* Cells */ = {
			isa = PBXGroup;
			children = (
				934CBA942910711F00F88FA2 /* FollowerCollectionViewCell.swift */,
			);
			path = Cells;
			sourceTree = "<group>";
		};
		934CBA9A29172B3B00F88FA2 /* Labels */ = {
			isa = PBXGroup;
			children = (
				93F877A129099CB400F04251 /* GHFTitleLabel.swift */,
				93F877A329099E9A00F04251 /* GHFBodyLabel.swift */,
				934CBAA72919E0D200F88FA2 /* GHFSecondaryTitleLabel.swift */,
			);
			path = Labels;
			sourceTree = "<group>";
		};
		934CBA9B29172B7800F88FA2 /* ImageViews */ = {
			isa = PBXGroup;
			children = (
				934CBA962910720800F88FA2 /* GHFAvatarImageView.swift */,
			);
			path = ImageViews;
			sourceTree = "<group>";
		};
		934CBA9C29172B7F00F88FA2 /* TextFields */ = {
			isa = PBXGroup;
			children = (
				93F8779D2907563F00F04251 /* GHFTextField.swift */,
			);
			path = TextFields;
			sourceTree = "<group>";
		};
		934CBA9D29172B8500F88FA2 /* Buttons */ = {
			isa = PBXGroup;
			children = (
				93F8779B2907526F00F04251 /* GHFButton.swift */,
			);
			path = Buttons;
			sourceTree = "<group>";
		};
		934CBA9E29172B9400F88FA2 /* ViewControllers */ = {
			isa = PBXGroup;
			children = (
				934CBAB6291C5F0B00F88FA2 /* ItemInfoViewControllers */,
				93F877A529099F7400F04251 /* GHFAlertViewController.swift */,
				934CBAA52919DEDB00F88FA2 /* GHFUserInfoHeaderViewController.swift */,
			);
			path = ViewControllers;
			sourceTree = "<group>";
		};
		934CBAAB291AF28900F88FA2 /* View */ = {
			isa = PBXGroup;
			children = (
				934CBA9F29172C5500F88FA2 /* GHFEmptyStateView.swift */,
				934CBAAC291AF2A700F88FA2 /* GHFItemInfoView.swift */,
			);
			path = View;
			sourceTree = "<group>";
		};
		934CBAB6291C5F0B00F88FA2 /* ItemInfoViewControllers */ = {
			isa = PBXGroup;
			children = (
				934CBAB0291B0BFF00F88FA2 /* GHFItemInfoViewController.swift */,
				934CBAB2291B467200F88FA2 /* GHFRepoItemViewController.swift */,
				934CBAB4291C5EA800F88FA2 /* GHFFollowerItemViewController.swift */,
			);
			path = ItemInfoViewControllers;
			sourceTree = "<group>";
		};
		93640FFF290B1D5F00CE08C4 /* Models */ = {
			isa = PBXGroup;
			children = (
				93641000290B1D7F00CE08C4 /* Follower.swift */,
				93641002290B1F3100CE08C4 /* User.swift */,
			);
			path = Models;
			sourceTree = "<group>";
		};
		93641004290B3AD100CE08C4 /* Managers */ = {
			isa = PBXGroup;
			children = (
				93641005290B3ADE00CE08C4 /* NetworkManager.swift */,
			);
			path = Managers;
			sourceTree = "<group>";
		};
		93F8775B2906FCC300F04251 = {
			isa = PBXGroup;
			children = (
				93F877662906FCC300F04251 /* GitHubFollowers */,
				93F8777D2906FCC400F04251 /* GitHubFollowersTests */,
				93F877872906FCC400F04251 /* GitHubFollowersUITests */,
				93F877652906FCC300F04251 /* Products */,
			);
			sourceTree = "<group>";
		};
		93F877652906FCC300F04251 /* Products */ = {
			isa = PBXGroup;
			children = (
				93F877642906FCC300F04251 /* GitHubFollowers.app */,
				93F8777A2906FCC400F04251 /* GitHubFollowersTests.xctest */,
				93F877842906FCC400F04251 /* GitHubFollowersUITests.xctest */,
			);
			name = Products;
			sourceTree = "<group>";
		};
		93F877662906FCC300F04251 /* GitHubFollowers */ = {
			isa = PBXGroup;
			children = (
				934CBA902910521500F88FA2 /* Utilities */,
				93641004290B3AD100CE08C4 /* Managers */,
				93640FFF290B1D5F00CE08C4 /* Models */,
				93F877AB2909B10100F04251 /* Extensions */,
				93F877AA2909B0A600F04251 /* Views */,
				93F877A92909B05E00F04251 /* Controllers */,
				93F877AC2909B16D00F04251 /* Support */,
				93F877752906FCC400F04251 /* Info.plist */,
			);
			path = GitHubFollowers;
			sourceTree = "<group>";
		};
		93F8777D2906FCC400F04251 /* GitHubFollowersTests */ = {
			isa = PBXGroup;
			children = (
				93F8777E2906FCC400F04251 /* GitHubFollowersTests.swift */,
			);
			path = GitHubFollowersTests;
			sourceTree = "<group>";
		};
		93F877872906FCC400F04251 /* GitHubFollowersUITests */ = {
			isa = PBXGroup;
			children = (
				93F877882906FCC400F04251 /* GitHubFollowersUITests.swift */,
				93F8778A2906FCC400F04251 /* GitHubFollowersUITestsLaunchTests.swift */,
			);
			path = GitHubFollowersUITests;
			sourceTree = "<group>";
		};
		93F877A92909B05E00F04251 /* Controllers */ = {
			isa = PBXGroup;
			children = (
				93F8779F290990E300F04251 /* FollowerListViewController.swift */,
				93F8779929070FF300F04251 /* FavoritesListViewController.swift */,
				93F8779729070F5D00F04251 /* SearchViewController.swift */,
				934CBAA1291829DB00F88FA2 /* UserInfoViewController.swift */,
			);
			path = Controllers;
			sourceTree = "<group>";
		};
		93F877AA2909B0A600F04251 /* Views */ = {
			isa = PBXGroup;
			children = (
				934CBAAB291AF28900F88FA2 /* View */,
				934CBA9E29172B9400F88FA2 /* ViewControllers */,
				934CBA9D29172B8500F88FA2 /* Buttons */,
				934CBA9C29172B7F00F88FA2 /* TextFields */,
				934CBA9B29172B7800F88FA2 /* ImageViews */,
				934CBA9A29172B3B00F88FA2 /* Labels */,
				934CBA93291070FC00F88FA2 /* Cells */,
			);
			path = Views;
			sourceTree = "<group>";
		};
		93F877AB2909B10100F04251 /* Extensions */ = {
			isa = PBXGroup;
			children = (
				93F877A72909AAB200F04251 /* UIViewController+Ext.swift */,
				934CBAB7291C687600F88FA2 /* Date+Ext.swift */,
				934CBAB9291C68D200F88FA2 /* String+Ext.swift */,
			);
			path = Extensions;
			sourceTree = "<group>";
		};
		93F877AC2909B16D00F04251 /* Support */ = {
			isa = PBXGroup;
			children = (
				93F877672906FCC300F04251 /* AppDelegate.swift */,
				93F877692906FCC300F04251 /* SceneDelegate.swift */,
				93F877702906FCC400F04251 /* Assets.xcassets */,
				93F877722906FCC400F04251 /* LaunchScreen.storyboard */,
			);
			path = Support;
			sourceTree = "<group>";
		};
/* End PBXGroup section */

/* Begin PBXNativeTarget section */
		93F877632906FCC300F04251 /* GitHubFollowers */ = {
			isa = PBXNativeTarget;
			buildConfigurationList = 93F8778E2906FCC400F04251 /* Build configuration list for PBXNativeTarget "GitHubFollowers" */;
			buildPhases = (
				93F877602906FCC300F04251 /* Sources */,
				93F877612906FCC300F04251 /* Frameworks */,
				93F877622906FCC300F04251 /* Resources */,
			);
			buildRules = (
			);
			dependencies = (
			);
			name = GitHubFollowers;
			productName = GitHubFollowers;
			productReference = 93F877642906FCC300F04251 /* GitHubFollowers.app */;
			productType = "com.apple.product-type.application";
		};
		93F877792906FCC400F04251 /* GitHubFollowersTests */ = {
			isa = PBXNativeTarget;
			buildConfigurationList = 93F877912906FCC400F04251 /* Build configuration list for PBXNativeTarget "GitHubFollowersTests" */;
			buildPhases = (
				93F877762906FCC400F04251 /* Sources */,
				93F877772906FCC400F04251 /* Frameworks */,
				93F877782906FCC400F04251 /* Resources */,
			);
			buildRules = (
			);
			dependencies = (
				93F8777C2906FCC400F04251 /* PBXTargetDependency */,
			);
			name = GitHubFollowersTests;
			productName = GitHubFollowersTests;
			productReference = 93F8777A2906FCC400F04251 /* GitHubFollowersTests.xctest */;
			productType = "com.apple.product-type.bundle.unit-test";
		};
		93F877832906FCC400F04251 /* GitHubFollowersUITests */ = {
			isa = PBXNativeTarget;
			buildConfigurationList = 93F877942906FCC400F04251 /* Build configuration list for PBXNativeTarget "GitHubFollowersUITests" */;
			buildPhases = (
				93F877802906FCC400F04251 /* Sources */,
				93F877812906FCC400F04251 /* Frameworks */,
				93F877822906FCC400F04251 /* Resources */,
			);
			buildRules = (
			);
			dependencies = (
				93F877862906FCC400F04251 /* PBXTargetDependency */,
			);
			name = GitHubFollowersUITests;
			productName = GitHubFollowersUITests;
			productReference = 93F877842906FCC400F04251 /* GitHubFollowersUITests.xctest */;
			productType = "com.apple.product-type.bundle.ui-testing";
		};
/* End PBXNativeTarget section */

/* Begin PBXProject section */
		93F8775C2906FCC300F04251 /* Project object */ = {
			isa = PBXProject;
			attributes = {
				BuildIndependentTargetsInParallel = 1;
				LastSwiftUpdateCheck = 1330;
				LastUpgradeCheck = 1330;
				TargetAttributes = {
					93F877632906FCC300F04251 = {
						CreatedOnToolsVersion = 13.3;
					};
					93F877792906FCC400F04251 = {
						CreatedOnToolsVersion = 13.3;
						TestTargetID = 93F877632906FCC300F04251;
					};
					93F877832906FCC400F04251 = {
						CreatedOnToolsVersion = 13.3;
						TestTargetID = 93F877632906FCC300F04251;
					};
				};
			};
			buildConfigurationList = 93F8775F2906FCC300F04251 /* Build configuration list for PBXProject "GitHubFollowers" */;
			compatibilityVersion = "Xcode 13.0";
			developmentRegion = en;
			hasScannedForEncodings = 0;
			knownRegions = (
				en,
				Base,
			);
			mainGroup = 93F8775B2906FCC300F04251;
			productRefGroup = 93F877652906FCC300F04251 /* Products */;
			projectDirPath = "";
			projectRoot = "";
			targets = (
				93F877632906FCC300F04251 /* GitHubFollowers */,
				93F877792906FCC400F04251 /* GitHubFollowersTests */,
				93F877832906FCC400F04251 /* GitHubFollowersUITests */,
			);
		};
/* End PBXProject section */

/* Begin PBXResourcesBuildPhase section */
		93F877622906FCC300F04251 /* Resources */ = {
			isa = PBXResourcesBuildPhase;
			buildActionMask = 2147483647;
			files = (
				93F877742906FCC400F04251 /* LaunchScreen.storyboard in Resources */,
				93F877712906FCC400F04251 /* Assets.xcassets in Resources */,
			);
			runOnlyForDeploymentPostprocessing = 0;
		};
		93F877782906FCC400F04251 /* Resources */ = {
			isa = PBXResourcesBuildPhase;
			buildActionMask = 2147483647;
			files = (
			);
			runOnlyForDeploymentPostprocessing = 0;
		};
		93F877822906FCC400F04251 /* Resources */ = {
			isa = PBXResourcesBuildPhase;
			buildActionMask = 2147483647;
			files = (
			);
			runOnlyForDeploymentPostprocessing = 0;
		};
/* End PBXResourcesBuildPhase section */

/* Begin PBXSourcesBuildPhase section */
		93F877602906FCC300F04251 /* Sources */ = {
			isa = PBXSourcesBuildPhase;
			buildActionMask = 2147483647;
			files = (
				93641003290B1F3100CE08C4 /* User.swift in Sources */,
				93F8779829070F5D00F04251 /* SearchViewController.swift in Sources */,
				93F877682906FCC300F04251 /* AppDelegate.swift in Sources */,
				934CBABA291C68D300F88FA2 /* String+Ext.swift in Sources */,
				93F8779A29070FF300F04251 /* FavoritesListViewController.swift in Sources */,
				934CBAA429186BE200F88FA2 /* GHFError.swift in Sources */,
				934CBAA62919DEDB00F88FA2 /* GHFUserInfoHeaderViewController.swift in Sources */,
				934CBAAA291A16F600F88FA2 /* Constants.swift in Sources */,
				93F877A82909AAB200F04251 /* UIViewController+Ext.swift in Sources */,
				934CBA9929148ED200F88FA2 /* UIHelper.swift in Sources */,
				93F877A0290990E300F04251 /* FollowerListViewController.swift in Sources */,
				934CBAB5291C5EA800F88FA2 /* GHFFollowerItemViewController.swift in Sources */,
				93F8779C2907526F00F04251 /* GHFButton.swift in Sources */,
				934CBA952910711F00F88FA2 /* FollowerCollectionViewCell.swift in Sources */,
				93F877A229099CB400F04251 /* GHFTitleLabel.swift in Sources */,
				934CBAA029172C5500F88FA2 /* GHFEmptyStateView.swift in Sources */,
				93641001290B1D7F00CE08C4 /* Follower.swift in Sources */,
				93F877A429099E9A00F04251 /* GHFBodyLabel.swift in Sources */,
				934CBA972910720800F88FA2 /* GHFAvatarImageView.swift in Sources */,
				934CBAB1291B0BFF00F88FA2 /* GHFItemInfoViewController.swift in Sources */,
				934CBAB8291C687600F88FA2 /* Date+Ext.swift in Sources */,
				93641006290B3ADE00CE08C4 /* NetworkManager.swift in Sources */,
				93F877A629099F7400F04251 /* GHFAlertViewController.swift in Sources */,
				934CBAAD291AF2A700F88FA2 /* GHFItemInfoView.swift in Sources */,
				934CBAA82919E0D200F88FA2 /* GHFSecondaryTitleLabel.swift in Sources */,
				934CBAA2291829DB00F88FA2 /* UserInfoViewController.swift in Sources */,
				934CBAB3291B467200F88FA2 /* GHFRepoItemViewController.swift in Sources */,
				93F8776A2906FCC300F04251 /* SceneDelegate.swift in Sources */,
				93F8779E2907563F00F04251 /* GHFTextField.swift in Sources */,
			);
			runOnlyForDeploymentPostprocessing = 0;
		};
		93F877762906FCC400F04251 /* Sources */ = {
			isa = PBXSourcesBuildPhase;
			buildActionMask = 2147483647;
			files = (
				93F8777F2906FCC400F04251 /* GitHubFollowersTests.swift in Sources */,
			);
			runOnlyForDeploymentPostprocessing = 0;
		};
		93F877802906FCC400F04251 /* Sources */ = {
			isa = PBXSourcesBuildPhase;
			buildActionMask = 2147483647;
			files = (
				93F877892906FCC400F04251 /* GitHubFollowersUITests.swift in Sources */,
				93F8778B2906FCC400F04251 /* GitHubFollowersUITestsLaunchTests.swift in Sources */,
			);
			runOnlyForDeploymentPostprocessing = 0;
		};
/* End PBXSourcesBuildPhase section */

/* Begin PBXTargetDependency section */
		93F8777C2906FCC400F04251 /* PBXTargetDependency */ = {
			isa = PBXTargetDependency;
			target = 93F877632906FCC300F04251 /* GitHubFollowers */;
			targetProxy = 93F8777B2906FCC400F04251 /* PBXContainerItemProxy */;
		};
		93F877862906FCC400F04251 /* PBXTargetDependency */ = {
			isa = PBXTargetDependency;
			target = 93F877632906FCC300F04251 /* GitHubFollowers */;
			targetProxy = 93F877852906FCC400F04251 /* PBXContainerItemProxy */;
		};
/* End PBXTargetDependency section */

/* Begin PBXVariantGroup section */
		93F877722906FCC400F04251 /* LaunchScreen.storyboard */ = {
			isa = PBXVariantGroup;
			children = (
				93F877732906FCC400F04251 /* Base */,
			);
			name = LaunchScreen.storyboard;
			sourceTree = "<group>";
		};
/* End PBXVariantGroup section */

/* Begin XCBuildConfiguration section */
		93F8778C2906FCC400F04251 /* Debug */ = {
			isa = XCBuildConfiguration;
			buildSettings = {
				ALWAYS_SEARCH_USER_PATHS = NO;
				CLANG_ANALYZER_NONNULL = YES;
				CLANG_ANALYZER_NUMBER_OBJECT_CONVERSION = YES_AGGRESSIVE;
				CLANG_CXX_LANGUAGE_STANDARD = "gnu++17";
				CLANG_ENABLE_MODULES = YES;
				CLANG_ENABLE_OBJC_ARC = YES;
				CLANG_ENABLE_OBJC_WEAK = YES;
				CLANG_WARN_BLOCK_CAPTURE_AUTORELEASING = YES;
				CLANG_WARN_BOOL_CONVERSION = YES;
				CLANG_WARN_COMMA = YES;
				CLANG_WARN_CONSTANT_CONVERSION = YES;
				CLANG_WARN_DEPRECATED_OBJC_IMPLEMENTATIONS = YES;
				CLANG_WARN_DIRECT_OBJC_ISA_USAGE = YES_ERROR;
				CLANG_WARN_DOCUMENTATION_COMMENTS = YES;
				CLANG_WARN_EMPTY_BODY = YES;
				CLANG_WARN_ENUM_CONVERSION = YES;
				CLANG_WARN_INFINITE_RECURSION = YES;
				CLANG_WARN_INT_CONVERSION = YES;
				CLANG_WARN_NON_LITERAL_NULL_CONVERSION = YES;
				CLANG_WARN_OBJC_IMPLICIT_RETAIN_SELF = YES;
				CLANG_WARN_OBJC_LITERAL_CONVERSION = YES;
				CLANG_WARN_OBJC_ROOT_CLASS = YES_ERROR;
				CLANG_WARN_QUOTED_INCLUDE_IN_FRAMEWORK_HEADER = YES;
				CLANG_WARN_RANGE_LOOP_ANALYSIS = YES;
				CLANG_WARN_STRICT_PROTOTYPES = YES;
				CLANG_WARN_SUSPICIOUS_MOVE = YES;
				CLANG_WARN_UNGUARDED_AVAILABILITY = YES_AGGRESSIVE;
				CLANG_WARN_UNREACHABLE_CODE = YES;
				CLANG_WARN__DUPLICATE_METHOD_MATCH = YES;
				COPY_PHASE_STRIP = NO;
				DEBUG_INFORMATION_FORMAT = dwarf;
				ENABLE_STRICT_OBJC_MSGSEND = YES;
				ENABLE_TESTABILITY = YES;
				GCC_C_LANGUAGE_STANDARD = gnu11;
				GCC_DYNAMIC_NO_PIC = NO;
				GCC_NO_COMMON_BLOCKS = YES;
				GCC_OPTIMIZATION_LEVEL = 0;
				GCC_PREPROCESSOR_DEFINITIONS = (
					"DEBUG=1",
					"$(inherited)",
				);
				GCC_WARN_64_TO_32_BIT_CONVERSION = YES;
				GCC_WARN_ABOUT_RETURN_TYPE = YES_ERROR;
				GCC_WARN_UNDECLARED_SELECTOR = YES;
				GCC_WARN_UNINITIALIZED_AUTOS = YES_AGGRESSIVE;
				GCC_WARN_UNUSED_FUNCTION = YES;
				GCC_WARN_UNUSED_VARIABLE = YES;
				IPHONEOS_DEPLOYMENT_TARGET = 15.4;
				MTL_ENABLE_DEBUG_INFO = INCLUDE_SOURCE;
				MTL_FAST_MATH = YES;
				ONLY_ACTIVE_ARCH = YES;
				SDKROOT = iphoneos;
				SWIFT_ACTIVE_COMPILATION_CONDITIONS = DEBUG;
				SWIFT_OPTIMIZATION_LEVEL = "-Onone";
			};
			name = Debug;
		};
		93F8778D2906FCC400F04251 /* Release */ = {
			isa = XCBuildConfiguration;
			buildSettings = {
				ALWAYS_SEARCH_USER_PATHS = NO;
				CLANG_ANALYZER_NONNULL = YES;
				CLANG_ANALYZER_NUMBER_OBJECT_CONVERSION = YES_AGGRESSIVE;
				CLANG_CXX_LANGUAGE_STANDARD = "gnu++17";
				CLANG_ENABLE_MODULES = YES;
				CLANG_ENABLE_OBJC_ARC = YES;
				CLANG_ENABLE_OBJC_WEAK = YES;
				CLANG_WARN_BLOCK_CAPTURE_AUTORELEASING = YES;
				CLANG_WARN_BOOL_CONVERSION = YES;
				CLANG_WARN_COMMA = YES;
				CLANG_WARN_CONSTANT_CONVERSION = YES;
				CLANG_WARN_DEPRECATED_OBJC_IMPLEMENTATIONS = YES;
				CLANG_WARN_DIRECT_OBJC_ISA_USAGE = YES_ERROR;
				CLANG_WARN_DOCUMENTATION_COMMENTS = YES;
				CLANG_WARN_EMPTY_BODY = YES;
				CLANG_WARN_ENUM_CONVERSION = YES;
				CLANG_WARN_INFINITE_RECURSION = YES;
				CLANG_WARN_INT_CONVERSION = YES;
				CLANG_WARN_NON_LITERAL_NULL_CONVERSION = YES;
				CLANG_WARN_OBJC_IMPLICIT_RETAIN_SELF = YES;
				CLANG_WARN_OBJC_LITERAL_CONVERSION = YES;
				CLANG_WARN_OBJC_ROOT_CLASS = YES_ERROR;
				CLANG_WARN_QUOTED_INCLUDE_IN_FRAMEWORK_HEADER = YES;
				CLANG_WARN_RANGE_LOOP_ANALYSIS = YES;
				CLANG_WARN_STRICT_PROTOTYPES = YES;
				CLANG_WARN_SUSPICIOUS_MOVE = YES;
				CLANG_WARN_UNGUARDED_AVAILABILITY = YES_AGGRESSIVE;
				CLANG_WARN_UNREACHABLE_CODE = YES;
				CLANG_WARN__DUPLICATE_METHOD_MATCH = YES;
				COPY_PHASE_STRIP = NO;
				DEBUG_INFORMATION_FORMAT = "dwarf-with-dsym";
				ENABLE_NS_ASSERTIONS = NO;
				ENABLE_STRICT_OBJC_MSGSEND = YES;
				GCC_C_LANGUAGE_STANDARD = gnu11;
				GCC_NO_COMMON_BLOCKS = YES;
				GCC_WARN_64_TO_32_BIT_CONVERSION = YES;
				GCC_WARN_ABOUT_RETURN_TYPE = YES_ERROR;
				GCC_WARN_UNDECLARED_SELECTOR = YES;
				GCC_WARN_UNINITIALIZED_AUTOS = YES_AGGRESSIVE;
				GCC_WARN_UNUSED_FUNCTION = YES;
				GCC_WARN_UNUSED_VARIABLE = YES;
				IPHONEOS_DEPLOYMENT_TARGET = 15.4;
				MTL_ENABLE_DEBUG_INFO = NO;
				MTL_FAST_MATH = YES;
				SDKROOT = iphoneos;
				SWIFT_COMPILATION_MODE = wholemodule;
				SWIFT_OPTIMIZATION_LEVEL = "-O";
				VALIDATE_PRODUCT = YES;
			};
			name = Release;
		};
		93F8778F2906FCC400F04251 /* Debug */ = {
			isa = XCBuildConfiguration;
			buildSettings = {
				ASSETCATALOG_COMPILER_APPICON_NAME = AppIcon;
				ASSETCATALOG_COMPILER_GLOBAL_ACCENT_COLOR_NAME = AccentColor;
				CODE_SIGN_STYLE = Automatic;
				CURRENT_PROJECT_VERSION = 1;
				GENERATE_INFOPLIST_FILE = YES;
				INFOPLIST_FILE = GitHubFollowers/Info.plist;
				INFOPLIST_KEY_UIApplicationSupportsIndirectInputEvents = YES;
				INFOPLIST_KEY_UILaunchStoryboardName = LaunchScreen;
				INFOPLIST_KEY_UISupportedInterfaceOrientations_iPad = "UIInterfaceOrientationPortrait UIInterfaceOrientationPortraitUpsideDown UIInterfaceOrientationLandscapeLeft UIInterfaceOrientationLandscapeRight";
				INFOPLIST_KEY_UISupportedInterfaceOrientations_iPhone = "UIInterfaceOrientationPortrait UIInterfaceOrientationLandscapeLeft UIInterfaceOrientationLandscapeRight";
				LD_RUNPATH_SEARCH_PATHS = (
					"$(inherited)",
					"@executable_path/Frameworks",
				);
				MARKETING_VERSION = 1.0;
				PRODUCT_BUNDLE_IDENTIFIER = Patar.GitHubFollowers;
				PRODUCT_NAME = "$(TARGET_NAME)";
				SWIFT_EMIT_LOC_STRINGS = YES;
				SWIFT_VERSION = 5.0;
				TARGETED_DEVICE_FAMILY = "1,2";
			};
			name = Debug;
		};
		93F877902906FCC400F04251 /* Release */ = {
			isa = XCBuildConfiguration;
			buildSettings = {
				ASSETCATALOG_COMPILER_APPICON_NAME = AppIcon;
				ASSETCATALOG_COMPILER_GLOBAL_ACCENT_COLOR_NAME = AccentColor;
				CODE_SIGN_STYLE = Automatic;
				CURRENT_PROJECT_VERSION = 1;
				GENERATE_INFOPLIST_FILE = YES;
				INFOPLIST_FILE = GitHubFollowers/Info.plist;
				INFOPLIST_KEY_UIApplicationSupportsIndirectInputEvents = YES;
				INFOPLIST_KEY_UILaunchStoryboardName = LaunchScreen;
				INFOPLIST_KEY_UISupportedInterfaceOrientations_iPad = "UIInterfaceOrientationPortrait UIInterfaceOrientationPortraitUpsideDown UIInterfaceOrientationLandscapeLeft UIInterfaceOrientationLandscapeRight";
				INFOPLIST_KEY_UISupportedInterfaceOrientations_iPhone = "UIInterfaceOrientationPortrait UIInterfaceOrientationLandscapeLeft UIInterfaceOrientationLandscapeRight";
				LD_RUNPATH_SEARCH_PATHS = (
					"$(inherited)",
					"@executable_path/Frameworks",
				);
				MARKETING_VERSION = 1.0;
				PRODUCT_BUNDLE_IDENTIFIER = Patar.GitHubFollowers;
				PRODUCT_NAME = "$(TARGET_NAME)";
				SWIFT_EMIT_LOC_STRINGS = YES;
				SWIFT_VERSION = 5.0;
				TARGETED_DEVICE_FAMILY = "1,2";
			};
			name = Release;
		};
		93F877922906FCC400F04251 /* Debug */ = {
			isa = XCBuildConfiguration;
			buildSettings = {
				ALWAYS_EMBED_SWIFT_STANDARD_LIBRARIES = YES;
				BUNDLE_LOADER = "$(TEST_HOST)";
				CODE_SIGN_STYLE = Automatic;
				CURRENT_PROJECT_VERSION = 1;
				GENERATE_INFOPLIST_FILE = YES;
				IPHONEOS_DEPLOYMENT_TARGET = 15.4;
				MARKETING_VERSION = 1.0;
				PRODUCT_BUNDLE_IDENTIFIER = Patar.GitHubFollowersTests;
				PRODUCT_NAME = "$(TARGET_NAME)";
				SWIFT_EMIT_LOC_STRINGS = NO;
				SWIFT_VERSION = 5.0;
				TARGETED_DEVICE_FAMILY = "1,2";
				TEST_HOST = "$(BUILT_PRODUCTS_DIR)/GitHubFollowers.app/GitHubFollowers";
			};
			name = Debug;
		};
		93F877932906FCC400F04251 /* Release */ = {
			isa = XCBuildConfiguration;
			buildSettings = {
				ALWAYS_EMBED_SWIFT_STANDARD_LIBRARIES = YES;
				BUNDLE_LOADER = "$(TEST_HOST)";
				CODE_SIGN_STYLE = Automatic;
				CURRENT_PROJECT_VERSION = 1;
				GENERATE_INFOPLIST_FILE = YES;
				IPHONEOS_DEPLOYMENT_TARGET = 15.4;
				MARKETING_VERSION = 1.0;
				PRODUCT_BUNDLE_IDENTIFIER = Patar.GitHubFollowersTests;
				PRODUCT_NAME = "$(TARGET_NAME)";
				SWIFT_EMIT_LOC_STRINGS = NO;
				SWIFT_VERSION = 5.0;
				TARGETED_DEVICE_FAMILY = "1,2";
				TEST_HOST = "$(BUILT_PRODUCTS_DIR)/GitHubFollowers.app/GitHubFollowers";
			};
			name = Release;
		};
		93F877952906FCC400F04251 /* Debug */ = {
			isa = XCBuildConfiguration;
			buildSettings = {
				ALWAYS_EMBED_SWIFT_STANDARD_LIBRARIES = YES;
				CODE_SIGN_STYLE = Automatic;
				CURRENT_PROJECT_VERSION = 1;
				GENERATE_INFOPLIST_FILE = YES;
				MARKETING_VERSION = 1.0;
				PRODUCT_BUNDLE_IDENTIFIER = Patar.GitHubFollowersUITests;
				PRODUCT_NAME = "$(TARGET_NAME)";
				SWIFT_EMIT_LOC_STRINGS = NO;
				SWIFT_VERSION = 5.0;
				TARGETED_DEVICE_FAMILY = "1,2";
				TEST_TARGET_NAME = GitHubFollowers;
			};
			name = Debug;
		};
		93F877962906FCC400F04251 /* Release */ = {
			isa = XCBuildConfiguration;
			buildSettings = {
				ALWAYS_EMBED_SWIFT_STANDARD_LIBRARIES = YES;
				CODE_SIGN_STYLE = Automatic;
				CURRENT_PROJECT_VERSION = 1;
				GENERATE_INFOPLIST_FILE = YES;
				MARKETING_VERSION = 1.0;
				PRODUCT_BUNDLE_IDENTIFIER = Patar.GitHubFollowersUITests;
				PRODUCT_NAME = "$(TARGET_NAME)";
				SWIFT_EMIT_LOC_STRINGS = NO;
				SWIFT_VERSION = 5.0;
				TARGETED_DEVICE_FAMILY = "1,2";
				TEST_TARGET_NAME = GitHubFollowers;
			};
			name = Release;
		};
/* End XCBuildConfiguration section */

/* Begin XCConfigurationList section */
		93F8775F2906FCC300F04251 /* Build configuration list for PBXProject "GitHubFollowers" */ = {
			isa = XCConfigurationList;
			buildConfigurations = (
				93F8778C2906FCC400F04251 /* Debug */,
				93F8778D2906FCC400F04251 /* Release */,
			);
			defaultConfigurationIsVisible = 0;
			defaultConfigurationName = Release;
		};
		93F8778E2906FCC400F04251 /* Build configuration list for PBXNativeTarget "GitHubFollowers" */ = {
			isa = XCConfigurationList;
			buildConfigurations = (
				93F8778F2906FCC400F04251 /* Debug */,
				93F877902906FCC400F04251 /* Release */,
			);
			defaultConfigurationIsVisible = 0;
			defaultConfigurationName = Release;
		};
		93F877912906FCC400F04251 /* Build configuration list for PBXNativeTarget "GitHubFollowersTests" */ = {
			isa = XCConfigurationList;
			buildConfigurations = (
				93F877922906FCC400F04251 /* Debug */,
				93F877932906FCC400F04251 /* Release */,
			);
			defaultConfigurationIsVisible = 0;
			defaultConfigurationName = Release;
		};
		93F877942906FCC400F04251 /* Build configuration list for PBXNativeTarget "GitHubFollowersUITests" */ = {
			isa = XCConfigurationList;
			buildConfigurations = (
				93F877952906FCC400F04251 /* Debug */,
				93F877962906FCC400F04251 /* Release */,
			);
			defaultConfigurationIsVisible = 0;
			defaultConfigurationName = Release;
		};
/* End XCConfigurationList section */
	};
	rootObject = 93F8775C2906FCC300F04251 /* Project object */;
}
